{
  "version": "3",
  "packages": {
    "specifiers": {
      "npm:@types/node": "npm:@types/node@18.16.19",
      "npm:date-fns@^2.30.0": "npm:date-fns@2.30.0",
      "npm:marked@^11.0.1": "npm:marked@11.2.0"
    },
    "npm": {
      "@babel/runtime@7.25.0": {
        "integrity": "sha512-7dRy4DwXwtzBrPbZflqxnvfxLF8kdZXPkhymtDeFoFqE6ldzjQFgYTtYIFARcLEYDrqfBfYcZt1WqFxRoyC9Rw==",
        "dependencies": {
          "regenerator-runtime": "regenerator-runtime@0.14.1"
        }
      },
      "@types/node@18.16.19": {
        "integrity": "sha512-IXl7o+R9iti9eBW4Wg2hx1xQDig183jj7YLn8F7udNceyfkbn1ZxmzZXuak20gR40D7pIkIY1kYGx5VIGbaHKA==",
        "dependencies": {}
      },
      "date-fns@2.30.0": {
        "integrity": "sha512-fnULvOpxnC5/Vg3NCiWelDsLiUc9bRwAPs/+LfTLNvetFCtCTN+yQz15C/fs4AwX1R9K5GLtLfn8QW+dWisaAw==",
        "dependencies": {
          "@babel/runtime": "@babel/runtime@7.25.0"
        }
      },
      "marked@11.2.0": {
        "integrity": "sha512-HR0m3bvu0jAPYiIvLUUQtdg1g6D247//lvcekpHO1WMvbwDlwSkZAX9Lw4F4YHE1T0HaaNve0tuAWuV1UJ6vtw==",
        "dependencies": {}
      },
      "regenerator-runtime@0.14.1": {
        "integrity": "sha512-dYnhHh0nJoMfnkZs6GmmhFknAGRrLznOu5nc9ML+EJxGvrx6H7teuevqVqCuPcPK//3eDrrjQhehXVx9cnkGdw==",
        "dependencies": {}
      }
    }
  },
  "remote": {},
  "workspace": {
    "dependencies": [
      "npm:date-fns@^2.30.0",
      "npm:marked@^11.0.1"
    ]
  }
}
