{
  "version": "3",
  "packages": {
    "specifiers": {
      "npm:@types/node": "npm:@types/node@18.16.19",
      "npm:@types/node@^22.1.0": "npm:@types/node@22.1.0",
      "npm:date-fns@^2.30.0": "npm:date-fns@2.30.0",
      "npm:marked@^11.0.1": "npm:marked@11.2.0",
      "npm:p-limit@^6.1.0": "npm:p-limit@6.1.0",
      "npm:zod@^3.23.8": "npm:zod@3.23.8"
    },
    "npm": {
      "@babel/runtime@7.25.0": {
        "integrity": "sha512-7dRy4DwXwtzBrPbZflqxnvfxLF8kdZXPkhymtDeFoFqE6ldzjQFgYTtYIFARcLEYDrqfBfYcZt1WqFxRoyC9Rw==",
        "dependencies": {
          "regenerator-runtime": "regenerator-runtime@0.14.1"
        }
      },
      "@types/node@18.16.19": {
        "integrity": "sha512-IXl7o+R9iti9eBW4Wg2hx1xQDig183jj7YLn8F7udNceyfkbn1ZxmzZXuak20gR40D7pIkIY1kYGx5VIGbaHKA==",
        "dependencies": {}
      },
      "@types/node@22.1.0": {
        "integrity": "sha512-AOmuRF0R2/5j1knA3c6G3HOk523Ga+l+ZXltX8SF1+5oqcXijjfTd8fY3XRZqSihEu9XhtQnKYLmkFaoxgsJHw==",
        "dependencies": {
          "undici-types": "undici-types@6.13.0"
        }
      },
      "date-fns@2.30.0": {
        "integrity": "sha512-fnULvOpxnC5/Vg3NCiWelDsLiUc9bRwAPs/+LfTLNvetFCtCTN+yQz15C/fs4AwX1R9K5GLtLfn8QW+dWisaAw==",
        "dependencies": {
          "@babel/runtime": "@babel/runtime@7.25.0"
        }
      },
      "marked@11.2.0": {
        "integrity": "sha512-HR0m3bvu0jAPYiIvLUUQtdg1g6D247//lvcekpHO1WMvbwDlwSkZAX9Lw4F4YHE1T0HaaNve0tuAWuV1UJ6vtw==",
        "dependencies": {}
      },
      "p-limit@6.1.0": {
        "integrity": "sha512-H0jc0q1vOzlEk0TqAKXKZxdl7kX3OFUzCnNVUnq5Pc3DGo0kpeaMuPqxQn235HibwBEb0/pm9dgKTjXy66fBkg==",
        "dependencies": {
          "yocto-queue": "yocto-queue@1.1.1"
        }
      },
      "regenerator-runtime@0.14.1": {
        "integrity": "sha512-dYnhHh0nJoMfnkZs6GmmhFknAGRrLznOu5nc9ML+EJxGvrx6H7teuevqVqCuPcPK//3eDrrjQhehXVx9cnkGdw==",
        "dependencies": {}
      },
      "undici-types@6.13.0": {
        "integrity": "sha512-xtFJHudx8S2DSoujjMd1WeWvn7KKWFRESZTMeL1RptAYERu29D6jphMjjY+vn96jvN3kVPDNxU/E13VTaXj6jg==",
        "dependencies": {}
      },
      "yocto-queue@1.1.1": {
        "integrity": "sha512-b4JR1PFR10y1mKjhHY9LaGo6tmrgjit7hxVIeAmyMw3jegXR4dhYqLaQF5zMXZxY7tLpMyJeLjr1C4rLmkVe8g==",
        "dependencies": {}
      },
      "zod@3.23.8": {
        "integrity": "sha512-XBx9AXhXktjUqnepgTiE5flcKIYWi/rme0Eaj+5Y0lftuGBq+jyRu/md4WnuxqgP1ubdpNCsYEYPxrzVHD8d6g==",
        "dependencies": {}
      }
    }
  },
  "remote": {},
  "workspace": {
    "dependencies": [
      "npm:@types/node@^22.1.0",
      "npm:date-fns@^2.30.0",
      "npm:marked@^11.0.1",
      "npm:p-limit@^6.1.0",
      "npm:zod@^3.23.8"
    ]
  }
}
